
Microsoft Visual Studio Solution File, Format Version 12.00
# Visual Studio Version 17
VisualStudioVersion = 17.0.31903.59
MinimumVisualStudioVersion = 10.0.40219.1
Project("{FAE04EC0-301F-11D3-BF4B-00C04F79EFBC}") = "Main.API", "src\Main.API\Main.API.csproj", "{64F0E498-2B70-46AF-AFCF-69A3C664C385}"
EndProject
Project("{FAE04EC0-301F-11D3-BF4B-00C04F79EFBC}") = "Auth.Application", "src\Modules\Auth\Auth.Application\Auth.Application.csproj", "{28A9D13E-E374-499D-9F4E-B0DEDD5E18AB}"
EndProject
Project("{FAE04EC0-301F-11D3-BF4B-00C04F79EFBC}") = "Auth.Domain", "src\Modules\Auth\Auth.Domain\Auth.Domain.csproj", "{483045E8-33AC-47F9-AA14-5A92C94683BE}"
EndProject
Project("{FAE04EC0-301F-11D3-BF4B-00C04F79EFBC}") = "Auth.Infrastructure", "src\Modules\Auth\Auth.Infrastructure\Auth.Infrastructure.csproj", "{7561A89F-1300-476A-A4DB-62B2AB19AC13}"
EndProject
Project("{FAE04EC0-301F-11D3-BF4B-00C04F79EFBC}") = "Auth.Web", "src\Modules\Auth\Auth.Web\Auth.Web.csproj", "{D1E0D5F3-5E64-425B-BB47-087D0A7F1A67}"
EndProject
Project("{FAE04EC0-301F-11D3-BF4B-00C04F79EFBC}") = "Habit.Application", "src\Modules\Habit\Habit.Application\Habit.Application.csproj", "{F667F782-9229-4EEB-B410-AF249CE3278F}"
EndProject
Project("{FAE04EC0-301F-11D3-BF4B-00C04F79EFBC}") = "Habit.Domain", "src\Modules\Habit\Habit.Domain\Habit.Domain.csproj", "{B34E86A0-719A-4246-9AE4-4B24B5284E3A}"
EndProject
Project("{FAE04EC0-301F-11D3-BF4B-00C04F79EFBC}") = "Habit.Infrastructure", "src\Modules\Habit\Habit.Infrastructure\Habit.Infrastructure.csproj", "{5112A175-521E-4394-A240-BCB8C53343E4}"
EndProject
Project("{FAE04EC0-301F-11D3-BF4B-00C04F79EFBC}") = "Habit.Web", "src\Modules\Habit\Habit.Web\Habit.Web.csproj", "{2C4960EE-3AF8-41B6-BFE8-F43163CAC298}"
EndProject
Project("{FAE04EC0-301F-11D3-BF4B-00C04F79EFBC}") = "Notification.Application", "src\Modules\Notification\Notification.Application\Notification.Application.csproj", "{65EB79CC-0B67-42FF-BE1B-3648338403C4}"
EndProject
Project("{FAE04EC0-301F-11D3-BF4B-00C04F79EFBC}") = "Notification.Domain", "src\Modules\Notification\Notification.Domain\Notification.Domain.csproj", "{D7D2361A-3A44-4A7B-9D60-F4A4B1788172}"
EndProject
Project("{FAE04EC0-301F-11D3-BF4B-00C04F79EFBC}") = "Notification.Infrastructure", "src\Modules\Notification\Notification.Infrastructure\Notification.Infrastructure.csproj", "{64B8A26B-DD80-4F4A-BCF3-565438631B37}"
EndProject
Project("{FAE04EC0-301F-11D3-BF4B-00C04F79EFBC}") = "Notification.Web", "src\Modules\Notification\Notification.Web\Notification.Web.csproj", "{953ACE5F-2789-4CA9-BA60-2B2DEBE69C00}"
EndProject
Project("{2150E333-8FDC-42A3-9474-1A3956D46DE8}") = "src", "src", "{ADA0F6AB-7411-4C36-B3DD-A6D17B8ACE95}"
EndProject
Project("{FAE04EC0-301F-11D3-BF4B-00C04F79EFBC}") = "SosyalAliskanlikApp.Shared", "src\Shared\SosyalAliskanlikApp.Shared.csproj", "{A616FA59-87ED-4271-A207-AA921FAAA93F}"
EndProject
Project("{FAE04EC0-301F-11D3-BF4B-00C04F79EFBC}") = "SosyalAliskanlikApp.Persistence", "src\Persistence\SosyalAliskanlikApp.Persistence.csproj", "{DCB06713-C5ED-40B2-A7AB-0937F5F52DAC}"
EndProject
Project("{FAE04EC0-301F-11D3-BF4B-00C04F79EFBC}") = "SosyalAliskanlikApp.Configurations", "src\Configurations\SosyalAliskanlikApp.Configurations.csproj", "{E107B7A5-5714-4843-B87A-9993099B943F}"
EndProject
Project("{2150E333-8FDC-42A3-9474-1A3956D46DE8}") = "Modules", "Modules", "{3148B91A-BD47-44BA-B815-A810B49DE4CA}"
EndProject
Project("{2150E333-8FDC-42A3-9474-1A3956D46DE8}") = "Statistics", "Statistics", "{8E713DBE-ABCE-42F8-AC01-E386302F421B}"
EndProject
Project("{FAE04EC0-301F-11D3-BF4B-00C04F79EFBC}") = "SosyalAliskanlikApp.Modules.Statistics.Domain", "src\Modules\Statistics\Domain\SosyalAliskanlikApp.Modules.Statistics.Domain.csproj", "{F83B3E19-3DE7-4621-9704-E220F1B41E89}"
EndProject
Project("{FAE04EC0-301F-11D3-BF4B-00C04F79EFBC}") = "SosyalAliskanlikApp.Modules.Statistics.Application", "src\Modules\Statistics\Application\SosyalAliskanlikApp.Modules.Statistics.Application.csproj", "{FA9B1A84-4150-497C-93DA-E16654107975}"
EndProject
Project("{FAE04EC0-301F-11D3-BF4B-00C04F79EFBC}") = "SosyalAliskanlikApp.Modules.Statistics.Web", "src\Modules\Statistics\Web\SosyalAliskanlikApp.Modules.Statistics.Web.csproj", "{322C77F6-558C-4FED-98B2-7CBF563189AD}"
EndProject
Project("{2150E333-8FDC-42A3-9474-1A3956D46DE8}") = "Friends", "Friends", "{4ACB8318-D88C-4C26-B444-5858B98C3A16}"
EndProject
Project("{FAE04EC0-301F-11D3-BF4B-00C04F79EFBC}") = "SosyalAliskanlikApp.Modules.Friends.Domain", "src\Modules\Friends\Domain\SosyalAliskanlikApp.Modules.Friends.Domain.csproj", "{9DA1F5BF-F295-44AC-BBAD-A87CF6511A93}"
EndProject
Project("{FAE04EC0-301F-11D3-BF4B-00C04F79EFBC}") = "SosyalAliskanlikApp.Modules.Friends.Application", "src\Modules\Friends\Application\SosyalAliskanlikApp.Modules.Friends.Application.csproj", "{8EB59D95-7127-45BC-A718-B164D8BF7902}"
EndProject
Project("{FAE04EC0-301F-11D3-BF4B-00C04F79EFBC}") = "SosyalAliskanlikApp.Modules.Friends.Web", "src\Modules\Friends\Web\SosyalAliskanlikApp.Modules.Friends.Web.csproj", "{5D9DE4FB-0AD5-467F-8AD9-7D82220B9FA4}"
EndProject
Project("{2150E333-8FDC-42A3-9474-1A3956D46DE8}") = "Activity", "Activity", "{2A9BA6C7-7692-430B-B106-8A47A6BDBE39}"
EndProject
Project("{FAE04EC0-301F-11D3-BF4B-00C04F79EFBC}") = "Activity.Domain", "src\Modules\Activity\Activity.Domain\Activity.Domain.csproj", "{0383C0E0-CB91-40E7-B428-B4515644A3AA}"
EndProject
Project("{FAE04EC0-301F-11D3-BF4B-00C04F79EFBC}") = "Activity.Application", "src\Modules\Activity\Activity.Application\Activity.Application.csproj", "{A09361D5-67B8-4048-BAC0-E77926847CE7}"
EndProject
Project("{FAE04EC0-301F-11D3-BF4B-00C04F79EFBC}") = "Activity.Web", "src\Modules\Activity\Activity.Web\Activity.Web.csproj", "{24A413B3-47E8-4DEB-AD50-DD591452668D}"
EndProject
Project("{2150E333-8FDC-42A3-9474-1A3956D46DE8}") = "Badge", "Badge", "{84EBB34F-4305-4AE3-8A1C-CF0697994BFA}"
EndProject
Project("{FAE04EC0-301F-11D3-BF4B-00C04F79EFBC}") = "Badge.Domain", "src\Modules\Badge\Badge.Domain\Badge.Domain.csproj", "{8F61DDEE-C31D-4166-87C3-098550E1E4C8}"
EndProject
Project("{FAE04EC0-301F-11D3-BF4B-00C04F79EFBC}") = "Badge.Application", "src\Modules\Badge\Badge.Application\Badge.Application.csproj", "{6B492763-66C6-43C3-9A1B-6971152F56FE}"
EndProject
Project("{FAE04EC0-301F-11D3-BF4B-00C04F79EFBC}") = "Core", "src\Core\Core.csproj", "{AAE2D2D1-5DA1-4D04-A948-34B6AA92C259}"
EndProject
Project("{FAE04EC0-301F-11D3-BF4B-00C04F79EFBC}") = "Badge.Web", "src\Modules\Badge\Badge.Web\Badge.Web.csproj", "{A791CA77-5B93-4C26-BFB1-F519E05B863F}"
EndProject
Project("{2150E333-8FDC-42A3-9474-1A3956D46DE8}") = "AI", "AI", "{0C71E4A7-9D85-44EB-A146-AABB170DF544}"
EndProject
Project("{FAE04EC0-301F-11D3-BF4B-00C04F79EFBC}") = "AI.Application", "src\Modules\AI\AI.Application\AI.Application.csproj", "{D44D9F22-09A8-4301-9909-430B4B38C66E}"
EndProject
Project("{FAE04EC0-301F-11D3-BF4B-00C04F79EFBC}") = "AI.Web", "src\Modules\AI\AI.Web\AI.Web.csproj", "{3B31526D-FD4A-4CD6-9AEC-CD2506DDEA23}"
EndProject
Global
	GlobalSection(SolutionConfigurationPlatforms) = preSolution
		Debug|Any CPU = Debug|Any CPU
		Release|Any CPU = Release|Any CPU
	EndGlobalSection
	GlobalSection(ProjectConfigurationPlatforms) = postSolution
		{64F0E498-2B70-46AF-AFCF-69A3C664C385}.Debug|Any CPU.ActiveCfg = Debug|Any CPU
		{64F0E498-2B70-46AF-AFCF-69A3C664C385}.Debug|Any CPU.Build.0 = Debug|Any CPU
		{64F0E498-2B70-46AF-AFCF-69A3C664C385}.Release|Any CPU.ActiveCfg = Release|Any CPU
		{64F0E498-2B70-46AF-AFCF-69A3C664C385}.Release|Any CPU.Build.0 = Release|Any CPU
		{28A9D13E-E374-499D-9F4E-B0DEDD5E18AB}.Debug|Any CPU.ActiveCfg = Debug|Any CPU
		{28A9D13E-E374-499D-9F4E-B0DEDD5E18AB}.Debug|Any CPU.Build.0 = Debug|Any CPU
		{28A9D13E-E374-499D-9F4E-B0DEDD5E18AB}.Release|Any CPU.ActiveCfg = Release|Any CPU
		{28A9D13E-E374-499D-9F4E-B0DEDD5E18AB}.Release|Any CPU.Build.0 = Release|Any CPU
		{483045E8-33AC-47F9-AA14-5A92C94683BE}.Debug|Any CPU.ActiveCfg = Debug|Any CPU
		{483045E8-33AC-47F9-AA14-5A92C94683BE}.Debug|Any CPU.Build.0 = Debug|Any CPU
		{483045E8-33AC-47F9-AA14-5A92C94683BE}.Release|Any CPU.ActiveCfg = Release|Any CPU
		{483045E8-33AC-47F9-AA14-5A92C94683BE}.Release|Any CPU.Build.0 = Release|Any CPU
		{7561A89F-1300-476A-A4DB-62B2AB19AC13}.Debug|Any CPU.ActiveCfg = Debug|Any CPU
		{7561A89F-1300-476A-A4DB-62B2AB19AC13}.Debug|Any CPU.Build.0 = Debug|Any CPU
		{7561A89F-1300-476A-A4DB-62B2AB19AC13}.Release|Any CPU.ActiveCfg = Release|Any CPU
		{7561A89F-1300-476A-A4DB-62B2AB19AC13}.Release|Any CPU.Build.0 = Release|Any CPU
		{D1E0D5F3-5E64-425B-BB47-087D0A7F1A67}.Debug|Any CPU.ActiveCfg = Debug|Any CPU
		{D1E0D5F3-5E64-425B-BB47-087D0A7F1A67}.Debug|Any CPU.Build.0 = Debug|Any CPU
		{D1E0D5F3-5E64-425B-BB47-087D0A7F1A67}.Release|Any CPU.ActiveCfg = Release|Any CPU
		{D1E0D5F3-5E64-425B-BB47-087D0A7F1A67}.Release|Any CPU.Build.0 = Release|Any CPU
		{F667F782-9229-4EEB-B410-AF249CE3278F}.Debug|Any CPU.ActiveCfg = Debug|Any CPU
		{F667F782-9229-4EEB-B410-AF249CE3278F}.Debug|Any CPU.Build.0 = Debug|Any CPU
		{F667F782-9229-4EEB-B410-AF249CE3278F}.Release|Any CPU.ActiveCfg = Release|Any CPU
		{F667F782-9229-4EEB-B410-AF249CE3278F}.Release|Any CPU.Build.0 = Release|Any CPU
		{B34E86A0-719A-4246-9AE4-4B24B5284E3A}.Debug|Any CPU.ActiveCfg = Debug|Any CPU
		{B34E86A0-719A-4246-9AE4-4B24B5284E3A}.Debug|Any CPU.Build.0 = Debug|Any CPU
		{B34E86A0-719A-4246-9AE4-4B24B5284E3A}.Release|Any CPU.ActiveCfg = Release|Any CPU
		{B34E86A0-719A-4246-9AE4-4B24B5284E3A}.Release|Any CPU.Build.0 = Release|Any CPU
		{5112A175-521E-4394-A240-BCB8C53343E4}.Debug|Any CPU.ActiveCfg = Debug|Any CPU
		{5112A175-521E-4394-A240-BCB8C53343E4}.Debug|Any CPU.Build.0 = Debug|Any CPU
		{5112A175-521E-4394-A240-BCB8C53343E4}.Release|Any CPU.ActiveCfg = Release|Any CPU
		{5112A175-521E-4394-A240-BCB8C53343E4}.Release|Any CPU.Build.0 = Release|Any CPU
		{2C4960EE-3AF8-41B6-BFE8-F43163CAC298}.Debug|Any CPU.ActiveCfg = Debug|Any CPU
		{2C4960EE-3AF8-41B6-BFE8-F43163CAC298}.Debug|Any CPU.Build.0 = Debug|Any CPU
		{2C4960EE-3AF8-41B6-BFE8-F43163CAC298}.Release|Any CPU.ActiveCfg = Release|Any CPU
		{2C4960EE-3AF8-41B6-BFE8-F43163CAC298}.Release|Any CPU.Build.0 = Release|Any CPU
		{65EB79CC-0B67-42FF-BE1B-3648338403C4}.Debug|Any CPU.ActiveCfg = Debug|Any CPU
		{65EB79CC-0B67-42FF-BE1B-3648338403C4}.Debug|Any CPU.Build.0 = Debug|Any CPU
		{65EB79CC-0B67-42FF-BE1B-3648338403C4}.Release|Any CPU.ActiveCfg = Release|Any CPU
		{65EB79CC-0B67-42FF-BE1B-3648338403C4}.Release|Any CPU.Build.0 = Release|Any CPU
		{D7D2361A-3A44-4A7B-9D60-F4A4B1788172}.Debug|Any CPU.ActiveCfg = Debug|Any CPU
		{D7D2361A-3A44-4A7B-9D60-F4A4B1788172}.Debug|Any CPU.Build.0 = Debug|Any CPU
		{D7D2361A-3A44-4A7B-9D60-F4A4B1788172}.Release|Any CPU.ActiveCfg = Release|Any CPU
		{D7D2361A-3A44-4A7B-9D60-F4A4B1788172}.Release|Any CPU.Build.0 = Release|Any CPU
		{64B8A26B-DD80-4F4A-BCF3-565438631B37}.Debug|Any CPU.ActiveCfg = Debug|Any CPU
		{64B8A26B-DD80-4F4A-BCF3-565438631B37}.Debug|Any CPU.Build.0 = Debug|Any CPU
		{64B8A26B-DD80-4F4A-BCF3-565438631B37}.Release|Any CPU.ActiveCfg = Release|Any CPU
		{64B8A26B-DD80-4F4A-BCF3-565438631B37}.Release|Any CPU.Build.0 = Release|Any CPU
		{953ACE5F-2789-4CA9-BA60-2B2DEBE69C00}.Debug|Any CPU.ActiveCfg = Debug|Any CPU
		{953ACE5F-2789-4CA9-BA60-2B2DEBE69C00}.Debug|Any CPU.Build.0 = Debug|Any CPU
		{953ACE5F-2789-4CA9-BA60-2B2DEBE69C00}.Release|Any CPU.ActiveCfg = Release|Any CPU
		{953ACE5F-2789-4CA9-BA60-2B2DEBE69C00}.Release|Any CPU.Build.0 = Release|Any CPU
		{1FB09A0E-CA51-4E99-90A7-8E55BF0587EA}.Debug|Any CPU.ActiveCfg = Debug|Any CPU
		{1FB09A0E-CA51-4E99-90A7-8E55BF0587EA}.Debug|Any CPU.Build.0 = Debug|Any CPU
		{1FB09A0E-CA51-4E99-90A7-8E55BF0587EA}.Release|Any CPU.ActiveCfg = Release|Any CPU
		{1FB09A0E-CA51-4E99-90A7-8E55BF0587EA}.Release|Any CPU.Build.0 = Release|Any CPU
		{E93AF5F9-3834-4A1B-8B6E-8663ED5A757D}.Debug|Any CPU.ActiveCfg = Debug|Any CPU
		{E93AF5F9-3834-4A1B-8B6E-8663ED5A757D}.Debug|Any CPU.Build.0 = Debug|Any CPU
		{E93AF5F9-3834-4A1B-8B6E-8663ED5A757D}.Release|Any CPU.ActiveCfg = Release|Any CPU
		{E93AF5F9-3834-4A1B-8B6E-8663ED5A757D}.Release|Any CPU.Build.0 = Release|Any CPU
		{B9E0A489-097F-4FE0-A372-F60E886878DE}.Debug|Any CPU.ActiveCfg = Debug|Any CPU
		{B9E0A489-097F-4FE0-A372-F60E886878DE}.Debug|Any CPU.Build.0 = Debug|Any CPU
		{B9E0A489-097F-4FE0-A372-F60E886878DE}.Release|Any CPU.ActiveCfg = Release|Any CPU
		{B9E0A489-097F-4FE0-A372-F60E886878DE}.Release|Any CPU.Build.0 = Release|Any CPU
		{A616FA59-87ED-4271-A207-AA921FAAA93F}.Debug|Any CPU.ActiveCfg = Debug|Any CPU
		{A616FA59-87ED-4271-A207-AA921FAAA93F}.Debug|Any CPU.Build.0 = Debug|Any CPU
		{A616FA59-87ED-4271-A207-AA921FAAA93F}.Release|Any CPU.ActiveCfg = Release|Any CPU
		{A616FA59-87ED-4271-A207-AA921FAAA93F}.Release|Any CPU.Build.0 = Release|Any CPU
		{DCB06713-C5ED-40B2-A7AB-0937F5F52DAC}.Debug|Any CPU.ActiveCfg = Debug|Any CPU
		{DCB06713-C5ED-40B2-A7AB-0937F5F52DAC}.Debug|Any CPU.Build.0 = Debug|Any CPU
		{DCB06713-C5ED-40B2-A7AB-0937F5F52DAC}.Release|Any CPU.ActiveCfg = Release|Any CPU
		{DCB06713-C5ED-40B2-A7AB-0937F5F52DAC}.Release|Any CPU.Build.0 = Release|Any CPU
		{E107B7A5-5714-4843-B87A-9993099B943F}.Debug|Any CPU.ActiveCfg = Debug|Any CPU
		{E107B7A5-5714-4843-B87A-9993099B943F}.Debug|Any CPU.Build.0 = Debug|Any CPU
		{E107B7A5-5714-4843-B87A-9993099B943F}.Release|Any CPU.ActiveCfg = Release|Any CPU
		{E107B7A5-5714-4843-B87A-9993099B943F}.Release|Any CPU.Build.0 = Release|Any CPU
		{F83B3E19-3DE7-4621-9704-E220F1B41E89}.Debug|Any CPU.ActiveCfg = Debug|Any CPU
		{F83B3E19-3DE7-4621-9704-E220F1B41E89}.Debug|Any CPU.Build.0 = Debug|Any CPU
		{F83B3E19-3DE7-4621-9704-E220F1B41E89}.Release|Any CPU.ActiveCfg = Release|Any CPU
		{F83B3E19-3DE7-4621-9704-E220F1B41E89}.Release|Any CPU.Build.0 = Release|Any CPU
		{FA9B1A84-4150-497C-93DA-E16654107975}.Debug|Any CPU.ActiveCfg = Debug|Any CPU
		{FA9B1A84-4150-497C-93DA-E16654107975}.Debug|Any CPU.Build.0 = Debug|Any CPU
		{FA9B1A84-4150-497C-93DA-E16654107975}.Release|Any CPU.ActiveCfg = Release|Any CPU
		{FA9B1A84-4150-497C-93DA-E16654107975}.Release|Any CPU.Build.0 = Release|Any CPU
		{322C77F6-558C-4FED-98B2-7CBF563189AD}.Debug|Any CPU.ActiveCfg = Debug|Any CPU
		{322C77F6-558C-4FED-98B2-7CBF563189AD}.Debug|Any CPU.Build.0 = Debug|Any CPU
		{322C77F6-558C-4FED-98B2-7CBF563189AD}.Release|Any CPU.ActiveCfg = Release|Any CPU
		{322C77F6-558C-4FED-98B2-7CBF563189AD}.Release|Any CPU.Build.0 = Release|Any CPU
		{9DA1F5BF-F295-44AC-BBAD-A87CF6511A93}.Debug|Any CPU.ActiveCfg = Debug|Any CPU
		{9DA1F5BF-F295-44AC-BBAD-A87CF6511A93}.Debug|Any CPU.Build.0 = Debug|Any CPU
		{9DA1F5BF-F295-44AC-BBAD-A87CF6511A93}.Release|Any CPU.ActiveCfg = Release|Any CPU
		{9DA1F5BF-F295-44AC-BBAD-A87CF6511A93}.Release|Any CPU.Build.0 = Release|Any CPU
		{8EB59D95-7127-45BC-A718-B164D8BF7902}.Debug|Any CPU.ActiveCfg = Debug|Any CPU
		{8EB59D95-7127-45BC-A718-B164D8BF7902}.Debug|Any CPU.Build.0 = Debug|Any CPU
		{8EB59D95-7127-45BC-A718-B164D8BF7902}.Release|Any CPU.ActiveCfg = Release|Any CPU
		{8EB59D95-7127-45BC-A718-B164D8BF7902}.Release|Any CPU.Build.0 = Release|Any CPU
		{5D9DE4FB-0AD5-467F-8AD9-7D82220B9FA4}.Debug|Any CPU.ActiveCfg = Debug|Any CPU
		{5D9DE4FB-0AD5-467F-8AD9-7D82220B9FA4}.Debug|Any CPU.Build.0 = Debug|Any CPU
		{5D9DE4FB-0AD5-467F-8AD9-7D82220B9FA4}.Release|Any CPU.ActiveCfg = Release|Any CPU
		{5D9DE4FB-0AD5-467F-8AD9-7D82220B9FA4}.Release|Any CPU.Build.0 = Release|Any CPU
		{0383C0E0-CB91-40E7-B428-B4515644A3AA}.Debug|Any CPU.ActiveCfg = Debug|Any CPU
		{0383C0E0-CB91-40E7-B428-B4515644A3AA}.Debug|Any CPU.Build.0 = Debug|Any CPU
		{0383C0E0-CB91-40E7-B428-B4515644A3AA}.Release|Any CPU.ActiveCfg = Release|Any CPU
		{0383C0E0-CB91-40E7-B428-B4515644A3AA}.Release|Any CPU.Build.0 = Release|Any CPU
		{A09361D5-67B8-4048-BAC0-E77926847CE7}.Debug|Any CPU.ActiveCfg = Debug|Any CPU
		{A09361D5-67B8-4048-BAC0-E77926847CE7}.Debug|Any CPU.Build.0 = Debug|Any CPU
		{A09361D5-67B8-4048-BAC0-E77926847CE7}.Release|Any CPU.ActiveCfg = Release|Any CPU
		{A09361D5-67B8-4048-BAC0-E77926847CE7}.Release|Any CPU.Build.0 = Release|Any CPU
		{D3DD1B8B-0E3D-493F-9071-FD5C67E209EB}.Debug|Any CPU.ActiveCfg = Debug|Any CPU
		{D3DD1B8B-0E3D-493F-9071-FD5C67E209EB}.Debug|Any CPU.Build.0 = Debug|Any CPU
		{D3DD1B8B-0E3D-493F-9071-FD5C67E209EB}.Release|Any CPU.ActiveCfg = Release|Any CPU
		{D3DD1B8B-0E3D-493F-9071-FD5C67E209EB}.Release|Any CPU.Build.0 = Release|Any CPU
		{24A413B3-47E8-4DEB-AD50-DD591452668D}.Debug|Any CPU.ActiveCfg = Debug|Any CPU
		{24A413B3-47E8-4DEB-AD50-DD591452668D}.Debug|Any CPU.Build.0 = Debug|Any CPU
		{24A413B3-47E8-4DEB-AD50-DD591452668D}.Release|Any CPU.ActiveCfg = Release|Any CPU
		{24A413B3-47E8-4DEB-AD50-DD591452668D}.Release|Any CPU.Build.0 = Release|Any CPU
		{8F61DDEE-C31D-4166-87C3-098550E1E4C8}.Debug|Any CPU.ActiveCfg = Debug|Any CPU
		{8F61DDEE-C31D-4166-87C3-098550E1E4C8}.Debug|Any CPU.Build.0 = Debug|Any CPU
		{8F61DDEE-C31D-4166-87C3-098550E1E4C8}.Release|Any CPU.ActiveCfg = Release|Any CPU
		{8F61DDEE-C31D-4166-87C3-098550E1E4C8}.Release|Any CPU.Build.0 = Release|Any CPU
		{6B492763-66C6-43C3-9A1B-6971152F56FE}.Debug|Any CPU.ActiveCfg = Debug|Any CPU
		{6B492763-66C6-43C3-9A1B-6971152F56FE}.Debug|Any CPU.Build.0 = Debug|Any CPU
		{6B492763-66C6-43C3-9A1B-6971152F56FE}.Release|Any CPU.ActiveCfg = Release|Any CPU
		{6B492763-66C6-43C3-9A1B-6971152F56FE}.Release|Any CPU.Build.0 = Release|Any CPU
		{AAE2D2D1-5DA1-4D04-A948-34B6AA92C259}.Debug|Any CPU.ActiveCfg = Debug|Any CPU
		{AAE2D2D1-5DA1-4D04-A948-34B6AA92C259}.Debug|Any CPU.Build.0 = Debug|Any CPU
		{AAE2D2D1-5DA1-4D04-A948-34B6AA92C259}.Release|Any CPU.ActiveCfg = Release|Any CPU
		{AAE2D2D1-5DA1-4D04-A948-34B6AA92C259}.Release|Any CPU.Build.0 = Release|Any CPU
		{A791CA77-5B93-4C26-BFB1-F519E05B863F}.Debug|Any CPU.ActiveCfg = Debug|Any CPU
		{A791CA77-5B93-4C26-BFB1-F519E05B863F}.Debug|Any CPU.Build.0 = Debug|Any CPU
		{A791CA77-5B93-4C26-BFB1-F519E05B863F}.Release|Any CPU.ActiveCfg = Release|Any CPU
		{A791CA77-5B93-4C26-BFB1-F519E05B863F}.Release|Any CPU.Build.0 = Release|Any CPU
		{D2E93594-E4E8-4A55-9144-2A353A559AFC}.Debug|Any CPU.ActiveCfg = Debug|Any CPU
		{D2E93594-E4E8-4A55-9144-2A353A559AFC}.Debug|Any CPU.Build.0 = Debug|Any CPU
		{D2E93594-E4E8-4A55-9144-2A353A559AFC}.Release|Any CPU.ActiveCfg = Release|Any CPU
		{D2E93594-E4E8-4A55-9144-2A353A559AFC}.Release|Any CPU.Build.0 = Release|Any CPU
		{A69698BD-A4D5-4FAC-9E95-F850CBB7C7BF}.Debug|Any CPU.ActiveCfg = Debug|Any CPU
		{A69698BD-A4D5-4FAC-9E95-F850CBB7C7BF}.Debug|Any CPU.Build.0 = Debug|Any CPU
		{A69698BD-A4D5-4FAC-9E95-F850CBB7C7BF}.Release|Any CPU.ActiveCfg = Release|Any CPU
		{A69698BD-A4D5-4FAC-9E95-F850CBB7C7BF}.Release|Any CPU.Build.0 = Release|Any CPU
		{D44D9F22-09A8-4301-9909-430B4B38C66E}.Debug|Any CPU.ActiveCfg = Debug|Any CPU
		{D44D9F22-09A8-4301-9909-430B4B38C66E}.Debug|Any CPU.Build.0 = Debug|Any CPU
		{D44D9F22-09A8-4301-9909-430B4B38C66E}.Release|Any CPU.ActiveCfg = Release|Any CPU
		{D44D9F22-09A8-4301-9909-430B4B38C66E}.Release|Any CPU.Build.0 = Release|Any CPU
		{3B31526D-FD4A-4CD6-9AEC-CD2506DDEA23}.Debug|Any CPU.ActiveCfg = Debug|Any CPU
		{3B31526D-FD4A-4CD6-9AEC-CD2506DDEA23}.Debug|Any CPU.Build.0 = Debug|Any CPU
		{3B31526D-FD4A-4CD6-9AEC-CD2506DDEA23}.Release|Any CPU.ActiveCfg = Release|Any CPU
		{3B31526D-FD4A-4CD6-9AEC-CD2506DDEA23}.Release|Any CPU.Build.0 = Release|Any CPU
	EndGlobalSection
	GlobalSection(SolutionProperties) = preSolution
		HideSolutionNode = FALSE
	EndGlobalSection
	GlobalSection(NestedProjects) = preSolution
		{A616FA59-87ED-4271-A207-AA921FAAA93F} = {ADA0F6AB-7411-4C36-B3DD-A6D17B8ACE95}
		{DCB06713-C5ED-40B2-A7AB-0937F5F52DAC} = {ADA0F6AB-7411-4C36-B3DD-A6D17B8ACE95}
		{E107B7A5-5714-4843-B87A-9993099B943F} = {ADA0F6AB-7411-4C36-B3DD-A6D17B8ACE95}
		{3148B91A-BD47-44BA-B815-A810B49DE4CA} = {ADA0F6AB-7411-4C36-B3DD-A6D17B8ACE95}
		{8E713DBE-ABCE-42F8-AC01-E386302F421B} = {3148B91A-BD47-44BA-B815-A810B49DE4CA}
		{F83B3E19-3DE7-4621-9704-E220F1B41E89} = {8E713DBE-ABCE-42F8-AC01-E386302F421B}
		{FA9B1A84-4150-497C-93DA-E16654107975} = {8E713DBE-ABCE-42F8-AC01-E386302F421B}
		{322C77F6-558C-4FED-98B2-7CBF563189AD} = {8E713DBE-ABCE-42F8-AC01-E386302F421B}
		{4ACB8318-D88C-4C26-B444-5858B98C3A16} = {3148B91A-BD47-44BA-B815-A810B49DE4CA}
		{9DA1F5BF-F295-44AC-BBAD-A87CF6511A93} = {4ACB8318-D88C-4C26-B444-5858B98C3A16}
		{8EB59D95-7127-45BC-A718-B164D8BF7902} = {4ACB8318-D88C-4C26-B444-5858B98C3A16}
		{5D9DE4FB-0AD5-467F-8AD9-7D82220B9FA4} = {4ACB8318-D88C-4C26-B444-5858B98C3A16}
		{2A9BA6C7-7692-430B-B106-8A47A6BDBE39} = {3148B91A-BD47-44BA-B815-A810B49DE4CA}
		{0383C0E0-CB91-40E7-B428-B4515644A3AA} = {2A9BA6C7-7692-430B-B106-8A47A6BDBE39}
		{A09361D5-67B8-4048-BAC0-E77926847CE7} = {2A9BA6C7-7692-430B-B106-8A47A6BDBE39}
		{24A413B3-47E8-4DEB-AD50-DD591452668D} = {2A9BA6C7-7692-430B-B106-8A47A6BDBE39}
		{84EBB34F-4305-4AE3-8A1C-CF0697994BFA} = {3148B91A-BD47-44BA-B815-A810B49DE4CA}
		{8F61DDEE-C31D-4166-87C3-098550E1E4C8} = {84EBB34F-4305-4AE3-8A1C-CF0697994BFA}
		{6B492763-66C6-43C3-9A1B-6971152F56FE} = {84EBB34F-4305-4AE3-8A1C-CF0697994BFA}
		{AAE2D2D1-5DA1-4D04-A948-34B6AA92C259} = {ADA0F6AB-7411-4C36-B3DD-A6D17B8ACE95}
		{A791CA77-5B93-4C26-BFB1-F519E05B863F} = {84EBB34F-4305-4AE3-8A1C-CF0697994BFA}
		{0C71E4A7-9D85-44EB-A146-AABB170DF544} = {3148B91A-BD47-44BA-B815-A810B49DE4CA}
		{D44D9F22-09A8-4301-9909-430B4B38C66E} = {0C71E4A7-9D85-44EB-A146-AABB170DF544}
		{3B31526D-FD4A-4CD6-9AEC-CD2506DDEA23} = {0C71E4A7-9D85-44EB-A146-AABB170DF544}
	EndGlobalSection
EndGlobal
