
Microsoft Visual Studio Solution File, Format Version 12.00
# Visual Studio Version 17
VisualStudioVersion = 17.0.31903.59
MinimumVisualStudioVersion = 10.0.40219.1
Project("{FAE04EC0-301F-11D3-BF4B-00C04F79EFBC}") = "Main.API", "src\Main.API\Main.API.csproj", "{64F0E498-2B70-46AF-AFCF-69A3C664C385}"
EndProject
Project("{FAE04EC0-301F-11D3-BF4B-00C04F79EFBC}") = "Auth.Application", "src\Modules\Auth\Auth.Application\Auth.Application.csproj", "{28A9D13E-E374-499D-9F4E-B0DEDD5E18AB}"
EndProject
Project("{FAE04EC0-301F-11D3-BF4B-00C04F79EFBC}") = "Auth.Domain", "src\Modules\Auth\Auth.Domain\Auth.Domain.csproj", "{483045E8-33AC-47F9-AA14-5A92C94683BE}"
EndProject
Project("{FAE04EC0-301F-11D3-BF4B-00C04F79EFBC}") = "Auth.Infrastructure", "src\Modules\Auth\Auth.Infrastructure\Auth.Infrastructure.csproj", "{7561A89F-1300-476A-A4DB-62B2AB19AC13}"
EndProject
Project("{FAE04EC0-301F-11D3-BF4B-00C04F79EFBC}") = "Auth.Web", "src\Modules\Auth\Auth.Web\Auth.Web.csproj", "{D1E0D5F3-5E64-425B-BB47-087D0A7F1A67}"
EndProject
Project("{FAE04EC0-301F-11D3-BF4B-00C04F79EFBC}") = "Habit.Application", "src\Modules\Habit\Habit.Application\Habit.Application.csproj", "{F667F782-9229-4EEB-B410-AF249CE3278F}"
EndProject
Project("{FAE04EC0-301F-11D3-BF4B-00C04F79EFBC}") = "Habit.Domain", "src\Modules\Habit\Habit.Domain\Habit.Domain.csproj", "{B34E86A0-719A-4246-9AE4-4B24B5284E3A}"
EndProject
Project("{FAE04EC0-301F-11D3-BF4B-00C04F79EFBC}") = "Habit.Infrastructure", "src\Modules\Habit\Habit.Infrastructure\Habit.Infrastructure.csproj", "{5112A175-521E-4394-A240-BCB8C53343E4}"
EndProject
Project("{FAE04EC0-301F-11D3-BF4B-00C04F79EFBC}") = "Habit.Web", "src\Modules\Habit\Habit.Web\Habit.Web.csproj", "{2C4960EE-3AF8-41B6-BFE8-F43163CAC298}"
EndProject
Project("{FAE04EC0-301F-11D3-BF4B-00C04F79EFBC}") = "Notification.Application", "src\Modules\Notification\Notification.Application\Notification.Application.csproj", "{65EB79CC-0B67-42FF-BE1B-3648338403C4}"
EndProject
Project("{FAE04EC0-301F-11D3-BF4B-00C04F79EFBC}") = "Notification.Domain", "src\Modules\Notification\Notification.Domain\Notification.Domain.csproj", "{D7D2361A-3A44-4A7B-9D60-F4A4B1788172}"
EndProject
Project("{FAE04EC0-301F-11D3-BF4B-00C04F79EFBC}") = "Notification.Infrastructure", "src\Modules\Notification\Notification.Infrastructure\Notification.Infrastructure.csproj", "{64B8A26B-DD80-4F4A-BCF3-565438631B37}"
EndProject
Project("{FAE04EC0-301F-11D3-BF4B-00C04F79EFBC}") = "Notification.Web", "src\Modules\Notification\Notification.Web\Notification.Web.csproj", "{953ACE5F-2789-4CA9-BA60-2B2DEBE69C00}"
EndProject
Project("{FAE04EC0-301F-11D3-BF4B-00C04F79EFBC}") = "Persistence", "src\Persistence\Persistence\Persistence.csproj", "{1FB09A0E-CA51-4E99-90A7-8E55BF0587EA}"
EndProject
Project("{FAE04EC0-301F-11D3-BF4B-00C04F79EFBC}") = "Shared", "src\Shared\Shared\Shared.csproj", "{E93AF5F9-3834-4A1B-8B6E-8663ED5A757D}"
EndProject
Project("{FAE04EC0-301F-11D3-BF4B-00C04F79EFBC}") = "Configurations", "src\Configurations\Configurations\Configurations.csproj", "{B9E0A489-097F-4FE0-A372-F60E886878DE}"
EndProject
Global
	GlobalSection(SolutionConfigurationPlatforms) = preSolution
		Debug|Any CPU = Debug|Any CPU
		Release|Any CPU = Release|Any CPU
	EndGlobalSection
	GlobalSection(ProjectConfigurationPlatforms) = postSolution
		{64F0E498-2B70-46AF-AFCF-69A3C664C385}.Debug|Any CPU.ActiveCfg = Debug|Any CPU
		{64F0E498-2B70-46AF-AFCF-69A3C664C385}.Debug|Any CPU.Build.0 = Debug|Any CPU
		{64F0E498-2B70-46AF-AFCF-69A3C664C385}.Release|Any CPU.ActiveCfg = Release|Any CPU
		{64F0E498-2B70-46AF-AFCF-69A3C664C385}.Release|Any CPU.Build.0 = Release|Any CPU
		{28A9D13E-E374-499D-9F4E-B0DEDD5E18AB}.Debug|Any CPU.ActiveCfg = Debug|Any CPU
		{28A9D13E-E374-499D-9F4E-B0DEDD5E18AB}.Debug|Any CPU.Build.0 = Debug|Any CPU
		{28A9D13E-E374-499D-9F4E-B0DEDD5E18AB}.Release|Any CPU.ActiveCfg = Release|Any CPU
		{28A9D13E-E374-499D-9F4E-B0DEDD5E18AB}.Release|Any CPU.Build.0 = Release|Any CPU
		{483045E8-33AC-47F9-AA14-5A92C94683BE}.Debug|Any CPU.ActiveCfg = Debug|Any CPU
		{483045E8-33AC-47F9-AA14-5A92C94683BE}.Debug|Any CPU.Build.0 = Debug|Any CPU
		{483045E8-33AC-47F9-AA14-5A92C94683BE}.Release|Any CPU.ActiveCfg = Release|Any CPU
		{483045E8-33AC-47F9-AA14-5A92C94683BE}.Release|Any CPU.Build.0 = Release|Any CPU
		{7561A89F-1300-476A-A4DB-62B2AB19AC13}.Debug|Any CPU.ActiveCfg = Debug|Any CPU
		{7561A89F-1300-476A-A4DB-62B2AB19AC13}.Debug|Any CPU.Build.0 = Debug|Any CPU
		{7561A89F-1300-476A-A4DB-62B2AB19AC13}.Release|Any CPU.ActiveCfg = Release|Any CPU
		{7561A89F-1300-476A-A4DB-62B2AB19AC13}.Release|Any CPU.Build.0 = Release|Any CPU
		{D1E0D5F3-5E64-425B-BB47-087D0A7F1A67}.Debug|Any CPU.ActiveCfg = Debug|Any CPU
		{D1E0D5F3-5E64-425B-BB47-087D0A7F1A67}.Debug|Any CPU.Build.0 = Debug|Any CPU
		{D1E0D5F3-5E64-425B-BB47-087D0A7F1A67}.Release|Any CPU.ActiveCfg = Release|Any CPU
		{D1E0D5F3-5E64-425B-BB47-087D0A7F1A67}.Release|Any CPU.Build.0 = Release|Any CPU
		{F667F782-9229-4EEB-B410-AF249CE3278F}.Debug|Any CPU.ActiveCfg = Debug|Any CPU
		{F667F782-9229-4EEB-B410-AF249CE3278F}.Debug|Any CPU.Build.0 = Debug|Any CPU
		{F667F782-9229-4EEB-B410-AF249CE3278F}.Release|Any CPU.ActiveCfg = Release|Any CPU
		{F667F782-9229-4EEB-B410-AF249CE3278F}.Release|Any CPU.Build.0 = Release|Any CPU
		{B34E86A0-719A-4246-9AE4-4B24B5284E3A}.Debug|Any CPU.ActiveCfg = Debug|Any CPU
		{B34E86A0-719A-4246-9AE4-4B24B5284E3A}.Debug|Any CPU.Build.0 = Debug|Any CPU
		{B34E86A0-719A-4246-9AE4-4B24B5284E3A}.Release|Any CPU.ActiveCfg = Release|Any CPU
		{B34E86A0-719A-4246-9AE4-4B24B5284E3A}.Release|Any CPU.Build.0 = Release|Any CPU
		{5112A175-521E-4394-A240-BCB8C53343E4}.Debug|Any CPU.ActiveCfg = Debug|Any CPU
		{5112A175-521E-4394-A240-BCB8C53343E4}.Debug|Any CPU.Build.0 = Debug|Any CPU
		{5112A175-521E-4394-A240-BCB8C53343E4}.Release|Any CPU.ActiveCfg = Release|Any CPU
		{5112A175-521E-4394-A240-BCB8C53343E4}.Release|Any CPU.Build.0 = Release|Any CPU
		{2C4960EE-3AF8-41B6-BFE8-F43163CAC298}.Debug|Any CPU.ActiveCfg = Debug|Any CPU
		{2C4960EE-3AF8-41B6-BFE8-F43163CAC298}.Debug|Any CPU.Build.0 = Debug|Any CPU
		{2C4960EE-3AF8-41B6-BFE8-F43163CAC298}.Release|Any CPU.ActiveCfg = Release|Any CPU
		{2C4960EE-3AF8-41B6-BFE8-F43163CAC298}.Release|Any CPU.Build.0 = Release|Any CPU
		{65EB79CC-0B67-42FF-BE1B-3648338403C4}.Debug|Any CPU.ActiveCfg = Debug|Any CPU
		{65EB79CC-0B67-42FF-BE1B-3648338403C4}.Debug|Any CPU.Build.0 = Debug|Any CPU
		{65EB79CC-0B67-42FF-BE1B-3648338403C4}.Release|Any CPU.ActiveCfg = Release|Any CPU
		{65EB79CC-0B67-42FF-BE1B-3648338403C4}.Release|Any CPU.Build.0 = Release|Any CPU
		{D7D2361A-3A44-4A7B-9D60-F4A4B1788172}.Debug|Any CPU.ActiveCfg = Debug|Any CPU
		{D7D2361A-3A44-4A7B-9D60-F4A4B1788172}.Debug|Any CPU.Build.0 = Debug|Any CPU
		{D7D2361A-3A44-4A7B-9D60-F4A4B1788172}.Release|Any CPU.ActiveCfg = Release|Any CPU
		{D7D2361A-3A44-4A7B-9D60-F4A4B1788172}.Release|Any CPU.Build.0 = Release|Any CPU
		{64B8A26B-DD80-4F4A-BCF3-565438631B37}.Debug|Any CPU.ActiveCfg = Debug|Any CPU
		{64B8A26B-DD80-4F4A-BCF3-565438631B37}.Debug|Any CPU.Build.0 = Debug|Any CPU
		{64B8A26B-DD80-4F4A-BCF3-565438631B37}.Release|Any CPU.ActiveCfg = Release|Any CPU
		{64B8A26B-DD80-4F4A-BCF3-565438631B37}.Release|Any CPU.Build.0 = Release|Any CPU
		{953ACE5F-2789-4CA9-BA60-2B2DEBE69C00}.Debug|Any CPU.ActiveCfg = Debug|Any CPU
		{953ACE5F-2789-4CA9-BA60-2B2DEBE69C00}.Debug|Any CPU.Build.0 = Debug|Any CPU
		{953ACE5F-2789-4CA9-BA60-2B2DEBE69C00}.Release|Any CPU.ActiveCfg = Release|Any CPU
		{953ACE5F-2789-4CA9-BA60-2B2DEBE69C00}.Release|Any CPU.Build.0 = Release|Any CPU
		{1FB09A0E-CA51-4E99-90A7-8E55BF0587EA}.Debug|Any CPU.ActiveCfg = Debug|Any CPU
		{1FB09A0E-CA51-4E99-90A7-8E55BF0587EA}.Debug|Any CPU.Build.0 = Debug|Any CPU
		{1FB09A0E-CA51-4E99-90A7-8E55BF0587EA}.Release|Any CPU.ActiveCfg = Release|Any CPU
		{1FB09A0E-CA51-4E99-90A7-8E55BF0587EA}.Release|Any CPU.Build.0 = Release|Any CPU
		{E93AF5F9-3834-4A1B-8B6E-8663ED5A757D}.Debug|Any CPU.ActiveCfg = Debug|Any CPU
		{E93AF5F9-3834-4A1B-8B6E-8663ED5A757D}.Debug|Any CPU.Build.0 = Debug|Any CPU
		{E93AF5F9-3834-4A1B-8B6E-8663ED5A757D}.Release|Any CPU.ActiveCfg = Release|Any CPU
		{E93AF5F9-3834-4A1B-8B6E-8663ED5A757D}.Release|Any CPU.Build.0 = Release|Any CPU
		{B9E0A489-097F-4FE0-A372-F60E886878DE}.Debug|Any CPU.ActiveCfg = Debug|Any CPU
		{B9E0A489-097F-4FE0-A372-F60E886878DE}.Debug|Any CPU.Build.0 = Debug|Any CPU
		{B9E0A489-097F-4FE0-A372-F60E886878DE}.Release|Any CPU.ActiveCfg = Release|Any CPU
		{B9E0A489-097F-4FE0-A372-F60E886878DE}.Release|Any CPU.Build.0 = Release|Any CPU
	EndGlobalSection
	GlobalSection(SolutionProperties) = preSolution
		HideSolutionNode = FALSE
	EndGlobalSection
EndGlobal